<?xml version="1.0" encoding="utf-8"?>
<Project ToolsVersion="4.0" xmlns="http://schemas.microsoft.com/developer/msbuild/2003">
  <ItemGroup>
    <Filter Include="Source Files">
      <UniqueIdentifier>{4FC737F1-C7A5-4376-A066-2A32D752A2FF}</UniqueIdentifier>
      <Extensions>cpp;c;cc;cxx;def;odl;idl;hpj;bat;asm;asmx</Extensions>
    </Filter>
    <Filter Include="Resource Files">
      <UniqueIdentifier>{67DA6AB6-F800-4c08-8B7A-83BB121AAD01}</UniqueIdentifier>
      <Extensions>rc;ico;cur;bmp;dlg;rc2;rct;bin;rgs;gif;jpg;jpeg;jpe;resx;tiff;tif;png;wav;mfcribbon-ms</Extensions>
    </Filter>
    <Filter Include="Math">
      <UniqueIdentifier>{2827f4cb-8b5f-421b-87ca-30d2eb851559}</UniqueIdentifier>
    </Filter>
    <Filter Include="Graphics">
      <UniqueIdentifier>{c1ff8069-95ca-45ef-a1b1-38a77352d5fc}</UniqueIdentifier>
    </Filter>
    <Filter Include="Systems">
      <UniqueIdentifier>{93995380-89BD-4b04-88EB-625FBE52EBFB}</UniqueIdentifier>
      <Extensions>h;hh;hpp;hxx;hm;inl;inc;ipp;xsd</Extensions>
    </Filter>
    <Filter Include="Objects">
      <UniqueIdentifier>{b8d5f644-6269-4746-b67c-5f3162cd65e7}</UniqueIdentifier>
    </Filter>
    <Filter Include="Components">
      <UniqueIdentifier>{55b25284-b9cd-4db3-bfa9-225af9de212f}</UniqueIdentifier>
    </Filter>
  </ItemGroup>
  <ItemGroup>
    <ClCompile Include="Engine.cpp">
      <Filter>Source Files</Filter>
    </ClCompile>
    <ClCompile Include="matrix22.cpp">
      <Filter>Math</Filter>
    </ClCompile>
    <ClCompile Include="matrix33.cpp">
      <Filter>Math</Filter>
    </ClCompile>
    <ClCompile Include="vector2D.cpp">
      <Filter>Math</Filter>
    </ClCompile>
    <ClCompile Include="vector3D.cpp">
      <Filter>Math</Filter>
    </ClCompile>
    <ClCompile Include="color.cpp">
      <Filter>Graphics</Filter>
    </ClCompile>
    <ClCompile Include="TextureManager.cpp">
      <Filter>Graphics</Filter>
    </ClCompile>
    <ClCompile Include="renderer.cpp">
      <Filter>Graphics</Filter>
    </ClCompile>
    <ClCompile Include="audioSystem.cpp">
      <Filter>Systems</Filter>
    </ClCompile>
    <ClCompile Include="inputManager.cpp">
      <Filter>Systems</Filter>
    </ClCompile>
    <ClCompile Include="Timer.cpp">
      <Filter>Systems</Filter>
    </ClCompile>
    <ClCompile Include="text.cpp">
      <Filter>Graphics</Filter>
    </ClCompile>
    <ClCompile Include="textManager.cpp">
      <Filter>Graphics</Filter>
    </ClCompile>
    <ClCompile Include="_math.cpp">
      <Filter>Math</Filter>
    </ClCompile>
    <ClCompile Include="id.cpp">
      <Filter>Objects</Filter>
    </ClCompile>
    <ClCompile Include="object.cpp">
      <Filter>Objects</Filter>
    </ClCompile>
    <ClCompile Include="entity.cpp">
      <Filter>Objects</Filter>
    </ClCompile>
    <ClCompile Include="Component.cpp">
      <Filter>Components</Filter>
    </ClCompile>
    <ClCompile Include="spriteComponent.cpp">
      <Filter>Components</Filter>
    </ClCompile>
    <ClCompile Include="transformComponent.cpp">
      <Filter>Components</Filter>
    </ClCompile>
    <ClCompile Include="texture.cpp">
      <Filter>Graphics</Filter>
    </ClCompile>
    <ClCompile Include="shipControllerComponent.cpp">
      <Filter>Components</Filter>
    </ClCompile>
    <ClCompile Include="scene.cpp">
      <Filter>Source Files</Filter>
    </ClCompile>
    <ClCompile Include="controllerComponent.cpp">
      <Filter>Source Files</Filter>
    </ClCompile>
  </ItemGroup>
  <ItemGroup>
    <ClInclude Include="singleton.h">
      <Filter>Systems</Filter>
    </ClInclude>
    <ClInclude Include="inputManager.h">
      <Filter>Systems</Filter>
    </ClInclude>
    <ClInclude Include="audioSystem.h">
      <Filter>Systems</Filter>
    </ClInclude>
    <ClInclude Include="matrix22.h">
      <Filter>Math</Filter>
    </ClInclude>
    <ClInclude Include="matrix33.h">
      <Filter>Math</Filter>
    </ClInclude>
    <ClInclude Include="vector2D.h">
      <Filter>Math</Filter>
    </ClInclude>
    <ClInclude Include="vector3D.h">
      <Filter>Math</Filter>
    </ClInclude>
    <ClInclude Include="color.h">
      <Filter>Graphics</Filter>
    </ClInclude>
    <ClInclude Include="TextureManager.h">
      <Filter>Graphics</Filter>
    </ClInclude>
    <ClInclude Include="renderer.h">
      <Filter>Graphics</Filter>
    </ClInclude>
    <ClInclude Include="timer.h">
      <Filter>Systems</Filter>
    </ClInclude>
    <ClInclude Include="Engine.h">
      <Filter>Source Files</Filter>
    </ClInclude>
    <ClInclude Include="text.h">
      <Filter>Graphics</Filter>
    </ClInclude>
    <ClInclude Include="textManager.h">
      <Filter>Graphics</Filter>
    </ClInclude>
    <ClInclude Include="_math.h">
      <Filter>Math</Filter>
    </ClInclude>
    <ClInclude Include="id.h">
      <Filter>Objects</Filter>
    </ClInclude>
    <ClInclude Include="object.h">
      <Filter>Objects</Filter>
    </ClInclude>
    <ClInclude Include="entity.h">
      <Filter>Objects</Filter>
    </ClInclude>
    <ClInclude Include="component.h">
      <Filter>Components</Filter>
    </ClInclude>
    <ClInclude Include="renderComponent.h">
      <Filter>Components</Filter>
    </ClInclude>
    <ClInclude Include="spriteComponent.h">
      <Filter>Components</Filter>
    </ClInclude>
    <ClInclude Include="transformComponent.h">
      <Filter>Components</Filter>
    </ClInclude>
    <ClInclude Include="texture.h">
      <Filter>Graphics</Filter>
    </ClInclude>
    <ClInclude Include="controllerComponent.h">
      <Filter>Components</Filter>
    </ClInclude>
    <ClInclude Include="shipControllerComponent.h">
      <Filter>Components</Filter>
    </ClInclude>
    <ClInclude Include="scene.h">
      <Filter>Systems</Filter>
    </ClInclude>
  </ItemGroup>
</Project>