<?xml version="1.0" encoding="utf-8"?>
<Project ToolsVersion="4.0" xmlns="http://schemas.microsoft.com/developer/msbuild/2003">
  <ItemGroup>
    <Filter Include="Source Files">
      <UniqueIdentifier>{4FC737F1-C7A5-4376-A066-2A32D752A2FF}</UniqueIdentifier>
      <Extensions>cpp;c;cc;cxx;def;odl;idl;hpj;bat;asm;asmx</Extensions>
    </Filter>
    <Filter Include="Resource Files">
      <UniqueIdentifier>{67DA6AB6-F800-4c08-8B7A-83BB121AAD01}</UniqueIdentifier>
      <Extensions>rc;ico;cur;bmp;dlg;rc2;rct;bin;rgs;gif;jpg;jpeg;jpe;resx;tiff;tif;png;wav;mfcribbon-ms</Extensions>
    </Filter>
    <Filter Include="Math">
      <UniqueIdentifier>{2827f4cb-8b5f-421b-87ca-30d2eb851559}</UniqueIdentifier>
    </Filter>
    <Filter Include="Graphics">
      <UniqueIdentifier>{c1ff8069-95ca-45ef-a1b1-38a77352d5fc}</UniqueIdentifier>
    </Filter>
    <Filter Include="Systems">
      <UniqueIdentifier>{93995380-89BD-4b04-88EB-625FBE52EBFB}</UniqueIdentifier>
      <Extensions>h;hh;hpp;hxx;hm;inl;inc;ipp;xsd</Extensions>
    </Filter>
    <Filter Include="Objects">
      <UniqueIdentifier>{b8d5f644-6269-4746-b67c-5f3162cd65e7}</UniqueIdentifier>
    </Filter>
    <Filter Include="Components">
      <UniqueIdentifier>{55b25284-b9cd-4db3-bfa9-225af9de212f}</UniqueIdentifier>
    </Filter>
    <Filter Include="Physics">
      <UniqueIdentifier>{d07aaf88-f19a-4100-8c50-45920ca7c996}</UniqueIdentifier>
    </Filter>
    <Filter Include="Event">
      <UniqueIdentifier>{a52350be-4d41-4e2e-80a7-73edef3e1b79}</UniqueIdentifier>
    </Filter>
    <Filter Include="Framework">
      <UniqueIdentifier>{fc2b4431-0114-4120-a821-23a0ef95b3e6}</UniqueIdentifier>
    </Filter>
  </ItemGroup>
  <ItemGroup>
    <ClCompile Include="matrix22.cpp">
      <Filter>Math</Filter>
    </ClCompile>
    <ClCompile Include="matrix33.cpp">
      <Filter>Math</Filter>
    </ClCompile>
    <ClCompile Include="vector2D.cpp">
      <Filter>Math</Filter>
    </ClCompile>
    <ClCompile Include="vector3D.cpp">
      <Filter>Math</Filter>
    </ClCompile>
    <ClCompile Include="color.cpp">
      <Filter>Graphics</Filter>
    </ClCompile>
    <ClCompile Include="renderer.cpp">
      <Filter>Graphics</Filter>
    </ClCompile>
    <ClCompile Include="audioSystem.cpp">
      <Filter>Systems</Filter>
    </ClCompile>
    <ClCompile Include="inputManager.cpp">
      <Filter>Systems</Filter>
    </ClCompile>
    <ClCompile Include="text.cpp">
      <Filter>Graphics</Filter>
    </ClCompile>
    <ClCompile Include="textManager.cpp">
      <Filter>Graphics</Filter>
    </ClCompile>
    <ClCompile Include="_math.cpp">
      <Filter>Math</Filter>
    </ClCompile>
    <ClCompile Include="id.cpp">
      <Filter>Objects</Filter>
    </ClCompile>
    <ClCompile Include="object.cpp">
      <Filter>Objects</Filter>
    </ClCompile>
    <ClCompile Include="entity.cpp">
      <Filter>Objects</Filter>
    </ClCompile>
    <ClCompile Include="Component.cpp">
      <Filter>Components</Filter>
    </ClCompile>
    <ClCompile Include="spriteComponent.cpp">
      <Filter>Components</Filter>
    </ClCompile>
    <ClCompile Include="transformComponent.cpp">
      <Filter>Components</Filter>
    </ClCompile>
    <ClCompile Include="texture.cpp">
      <Filter>Graphics</Filter>
    </ClCompile>
    <ClCompile Include="kinematicComponent.cpp">
      <Filter>Components</Filter>
    </ClCompile>
    <ClCompile Include="transform.cpp">
      <Filter>Math</Filter>
    </ClCompile>
    <ClCompile Include="scene.cpp">
      <Filter>Systems</Filter>
    </ClCompile>
    <ClCompile Include="fileSystem.cpp">
      <Filter>Systems</Filter>
    </ClCompile>
    <ClCompile Include="physics.cpp">
      <Filter>Physics</Filter>
    </ClCompile>
    <ClCompile Include="aabb.cpp">
      <Filter>Physics</Filter>
    </ClCompile>
    <ClCompile Include="controllerComponent.cpp">
      <Filter>Source Files</Filter>
    </ClCompile>
    <ClCompile Include="aabbComponent.cpp">
      <Filter>Components</Filter>
    </ClCompile>
    <ClCompile Include="textComponent.cpp">
      <Filter>Components</Filter>
    </ClCompile>
    <ClCompile Include="animationComponent.cpp">
      <Filter>Components</Filter>
    </ClCompile>
    <ClCompile Include="state.cpp">
      <Filter>Framework</Filter>
    </ClCompile>
    <ClCompile Include="stateMachine.cpp">
      <Filter>Framework</Filter>
    </ClCompile>
    <ClCompile Include="waypoints.cpp">
      <Filter>Objects</Filter>
    </ClCompile>
    <ClCompile Include="debugDraw.cpp">
      <Filter>Graphics</Filter>
    </ClCompile>
    <ClCompile Include="waypointControllerComponent.cpp">
      <Filter>Components</Filter>
    </ClCompile>
    <ClCompile Include="transformControllerComponent.cpp">
      <Filter>Components</Filter>
    </ClCompile>
    <ClCompile Include="eventManager.cpp">
      <Filter>Event</Filter>
    </ClCompile>
    <ClCompile Include="textureManager.cpp">
      <Filter>Graphics</Filter>
    </ClCompile>
    <ClCompile Include="engine.cpp">
      <Filter>Source Files</Filter>
    </ClCompile>
    <ClCompile Include="timer.cpp">
      <Filter>Systems</Filter>
    </ClCompile>
  </ItemGroup>
  <ItemGroup>
    <ClInclude Include="inputManager.h">
      <Filter>Systems</Filter>
    </ClInclude>
    <ClInclude Include="audioSystem.h">
      <Filter>Systems</Filter>
    </ClInclude>
    <ClInclude Include="matrix22.h">
      <Filter>Math</Filter>
    </ClInclude>
    <ClInclude Include="matrix33.h">
      <Filter>Math</Filter>
    </ClInclude>
    <ClInclude Include="vector2D.h">
      <Filter>Math</Filter>
    </ClInclude>
    <ClInclude Include="vector3D.h">
      <Filter>Math</Filter>
    </ClInclude>
    <ClInclude Include="color.h">
      <Filter>Graphics</Filter>
    </ClInclude>
    <ClInclude Include="renderer.h">
      <Filter>Graphics</Filter>
    </ClInclude>
    <ClInclude Include="timer.h">
      <Filter>Systems</Filter>
    </ClInclude>
    <ClInclude Include="text.h">
      <Filter>Graphics</Filter>
    </ClInclude>
    <ClInclude Include="textManager.h">
      <Filter>Graphics</Filter>
    </ClInclude>
    <ClInclude Include="_math.h">
      <Filter>Math</Filter>
    </ClInclude>
    <ClInclude Include="id.h">
      <Filter>Objects</Filter>
    </ClInclude>
    <ClInclude Include="object.h">
      <Filter>Objects</Filter>
    </ClInclude>
    <ClInclude Include="entity.h">
      <Filter>Objects</Filter>
    </ClInclude>
    <ClInclude Include="component.h">
      <Filter>Components</Filter>
    </ClInclude>
    <ClInclude Include="renderComponent.h">
      <Filter>Components</Filter>
    </ClInclude>
    <ClInclude Include="spriteComponent.h">
      <Filter>Components</Filter>
    </ClInclude>
    <ClInclude Include="transformComponent.h">
      <Filter>Components</Filter>
    </ClInclude>
    <ClInclude Include="texture.h">
      <Filter>Graphics</Filter>
    </ClInclude>
    <ClInclude Include="controllerComponent.h">
      <Filter>Components</Filter>
    </ClInclude>
    <ClInclude Include="scene.h">
      <Filter>Systems</Filter>
    </ClInclude>
    <ClInclude Include="physicsComponent.h">
      <Filter>Components</Filter>
    </ClInclude>
    <ClInclude Include="kinematicComponent.h">
      <Filter>Components</Filter>
    </ClInclude>
    <ClInclude Include="transform.h">
      <Filter>Math</Filter>
    </ClInclude>
    <ClInclude Include="fileSystem.h">
      <Filter>Systems</Filter>
    </ClInclude>
    <ClInclude Include="collision.h">
      <Filter>Components</Filter>
    </ClInclude>
    <ClInclude Include="physics.h">
      <Filter>Physics</Filter>
    </ClInclude>
    <ClInclude Include="aabb.h">
      <Filter>Physics</Filter>
    </ClInclude>
    <ClInclude Include="aabbComponent.h">
      <Filter>Components</Filter>
    </ClInclude>
    <ClInclude Include="event.h">
      <Filter>Event</Filter>
    </ClInclude>
    <ClInclude Include="textComponent.h">
      <Filter>Components</Filter>
    </ClInclude>
    <ClInclude Include="eventReciver.h">
      <Filter>Event</Filter>
    </ClInclude>
    <ClInclude Include="eventManager.h">
      <Filter>Event</Filter>
    </ClInclude>
    <ClInclude Include="animationComponent.h">
      <Filter>Components</Filter>
    </ClInclude>
    <ClInclude Include="singleton.h">
      <Filter>Framework</Filter>
    </ClInclude>
    <ClInclude Include="state.h">
      <Filter>Framework</Filter>
    </ClInclude>
    <ClInclude Include="stateMachine.h">
      <Filter>Framework</Filter>
    </ClInclude>
    <ClInclude Include="variant.h">
      <Filter>Framework</Filter>
    </ClInclude>
    <ClInclude Include="waypoints.h">
      <Filter>Objects</Filter>
    </ClInclude>
    <ClInclude Include="debugDraw.h">
      <Filter>Graphics</Filter>
    </ClInclude>
    <ClInclude Include="waypointControllerComponent.h">
      <Filter>Components</Filter>
    </ClInclude>
    <ClInclude Include="transformControllerComponent.h">
      <Filter>Components</Filter>
    </ClInclude>
    <ClInclude Include="textureManager.h">
      <Filter>Graphics</Filter>
    </ClInclude>
    <ClInclude Include="engine.h">
      <Filter>Source Files</Filter>
    </ClInclude>
  </ItemGroup>
</Project>